# This file was autogenerated by Stack.
# You should not edit this file by hand.
# For more information, please see the documentation at:
#   https://docs.haskellstack.org/en/stable/lock_files

packages: []
snapshots:
- completed:
    sha256: 64c6832b8a5f11f1435bc24fd41153d192796510751b628b65262989b160edd7
    size: 639134
    url: https://raw.githubusercontent.com/commercialhaskell/stackage-snapshots/master/nightly/2023/6/21.yaml
  original: nightly-2023-06-21
