# This file was autogenerated by Stack.
# You should not edit this file by hand.
# For more information, please see the documentation at:
#   https://docs.haskellstack.org/en/stable/lock_files

packages: []
snapshots:
- completed:
    sha256: 0dc9e11764ffeeca75514434bfc23ceab59421f0b25cd6835f9f2dfbdf58295d
    size: 561190
    url: https://raw.githubusercontent.com/commercialhaskell/stackage-snapshots/master/nightly/2023/7/28.yaml
  original: nightly-2023-07-28
